
Microsoft Visual Studio Solution File, Format Version 12.00
# Visual Studio Version 16
VisualStudioVersion = 16.0.30907.101
MinimumVisualStudioVersion = 10.0.40219.1
Project("{FAE04EC0-301F-11D3-BF4B-00C04F79EFBC}") = "FF3", "FF3.csproj", "{10A01553-8B30-465A-91F0-BFAF678A15FC}"
EndProject
Global
	GlobalSection(SolutionConfigurationPlatforms) = preSolution
		Debug|Any CPU = Debug|Any CPU
		Release|Any CPU = Release|Any CPU
	EndGlobalSection
	GlobalSection(ProjectConfigurationPlatforms) = postSolution
		{10A01553-8B30-465A-91F0-BFAF678A15FC}.Debug|Any CPU.ActiveCfg = Debug|Any CPU
		{10A01553-8B30-465A-91F0-BFAF678A15FC}.Debug|Any CPU.Build.0 = Debug|Any CPU
		{10A01553-8B30-465A-91F0-BFAF678A15FC}.Release|Any CPU.ActiveCfg = Release|Any CPU
		{10A01553-8B30-465A-91F0-BFAF678A15FC}.Release|Any CPU.Build.0 = Release|Any CPU
	EndGlobalSection
	GlobalSection(SolutionProperties) = preSolution
		HideSolutionNode = FALSE
	EndGlobalSection
	GlobalSection(ExtensibilityGlobals) = postSolution
		SolutionGuid = {C0ABB3A4-E081-44CB-AEBD-50F6E16424FA}
	EndGlobalSection
EndGlobal
