
Microsoft Visual Studio Solution File, Format Version 12.00
# Visual Studio Version 16
VisualStudioVersion = 16.0.30804.86
MinimumVisualStudioVersion = 10.0.40219.1
Project("{FAE04EC0-301F-11D3-BF4B-00C04F79EFBC}") = "FF13_2", "FF13_2\FF13_2.csproj", "{6B1B8C53-6905-4B12-87F2-70A95101B21B}"
EndProject
Global
	GlobalSection(SolutionConfigurationPlatforms) = preSolution
		Debug|Any CPU = Debug|Any CPU
		Release|Any CPU = Release|Any CPU
	EndGlobalSection
	GlobalSection(ProjectConfigurationPlatforms) = postSolution
		{6B1B8C53-6905-4B12-87F2-70A95101B21B}.Debug|Any CPU.ActiveCfg = Debug|Any CPU
		{6B1B8C53-6905-4B12-87F2-70A95101B21B}.Debug|Any CPU.Build.0 = Debug|Any CPU
		{6B1B8C53-6905-4B12-87F2-70A95101B21B}.Release|Any CPU.ActiveCfg = Release|Any CPU
		{6B1B8C53-6905-4B12-87F2-70A95101B21B}.Release|Any CPU.Build.0 = Release|Any CPU
	EndGlobalSection
	GlobalSection(SolutionProperties) = preSolution
		HideSolutionNode = FALSE
	EndGlobalSection
	GlobalSection(ExtensibilityGlobals) = postSolution
		SolutionGuid = {6A22A18F-4868-4355-9FB3-F148307D03E1}
	EndGlobalSection
EndGlobal
